
Microsoft Visual Studio Solution File, Format Version 12.00
# Visual Studio Version 17
VisualStudioVersion = 17.11.35312.102
MinimumVisualStudioVersion = 10.0.40219.1
Project("{FAE04EC0-301F-11D3-BF4B-00C04F79EFBC}") = "LabaMtzkit", "LabaMtzkit\LabaMtzkit.csproj", "{51BEED13-FF5A-4AB6-A816-3E03D9CCE5A1}"
EndProject
Global
	GlobalSection(SolutionConfigurationPlatforms) = preSolution
		Debug|Any CPU = Debug|Any CPU
		Release|Any CPU = Release|Any CPU
	EndGlobalSection
	GlobalSection(ProjectConfigurationPlatforms) = postSolution
		{51BEED13-FF5A-4AB6-A816-3E03D9CCE5A1}.Debug|Any CPU.ActiveCfg = Debug|Any CPU
		{51BEED13-FF5A-4AB6-A816-3E03D9CCE5A1}.Debug|Any CPU.Build.0 = Debug|Any CPU
		{51BEED13-FF5A-4AB6-A816-3E03D9CCE5A1}.Release|Any CPU.ActiveCfg = Release|Any CPU
		{51BEED13-FF5A-4AB6-A816-3E03D9CCE5A1}.Release|Any CPU.Build.0 = Release|Any CPU
	EndGlobalSection
	GlobalSection(SolutionProperties) = preSolution
		HideSolutionNode = FALSE
	EndGlobalSection
	GlobalSection(ExtensibilityGlobals) = postSolution
		SolutionGuid = {F49970AF-E6C2-4890-9B73-25CC6F9BDB80}
	EndGlobalSection
EndGlobal
